
Microsoft Visual Studio Solution File, Format Version 12.00
# Visual Studio Version 17
VisualStudioVersion = 17.5.33516.290
MinimumVisualStudioVersion = 10.0.40219.1
Project("{FAE04EC0-301F-11D3-BF4B-00C04F79EFBC}") = "arduinoCubeSolver", "arduinoCubeSolver\arduinoCubeSolver.csproj", "{03C212C1-6AD0-41D5-9D7E-F8EE3F7C9ED8}"
EndProject
Global
	GlobalSection(SolutionConfigurationPlatforms) = preSolution
		Debug|Any CPU = Debug|Any CPU
		Release|Any CPU = Release|Any CPU
	EndGlobalSection
	GlobalSection(ProjectConfigurationPlatforms) = postSolution
		{03C212C1-6AD0-41D5-9D7E-F8EE3F7C9ED8}.Debug|Any CPU.ActiveCfg = Debug|Any CPU
		{03C212C1-6AD0-41D5-9D7E-F8EE3F7C9ED8}.Debug|Any CPU.Build.0 = Debug|Any CPU
		{03C212C1-6AD0-41D5-9D7E-F8EE3F7C9ED8}.Release|Any CPU.ActiveCfg = Release|Any CPU
		{03C212C1-6AD0-41D5-9D7E-F8EE3F7C9ED8}.Release|Any CPU.Build.0 = Release|Any CPU
	EndGlobalSection
	GlobalSection(SolutionProperties) = preSolution
		HideSolutionNode = FALSE
	EndGlobalSection
	GlobalSection(ExtensibilityGlobals) = postSolution
		SolutionGuid = {40BDAD80-DA49-410A-A58D-C9E3D4516E7B}
	EndGlobalSection
EndGlobal
